
Microsoft Visual Studio Solution File, Format Version 12.00
# Visual Studio Version 17
VisualStudioVersion = 17.12.35506.116
MinimumVisualStudioVersion = 10.0.40219.1
Project("{FAE04EC0-301F-11D3-BF4B-00C04F79EFBC}") = "Modelo", "Modelo\Modelo.csproj", "{5D8318EF-42EE-45D2-B442-B28B056FC019}"
EndProject
Project("{FAE04EC0-301F-11D3-BF4B-00C04F79EFBC}") = "Controladora", "Controladora\Controladora.csproj", "{5990E2FD-B328-48DF-9517-8A5E06CCBF97}"
EndProject
Project("{FAE04EC0-301F-11D3-BF4B-00C04F79EFBC}") = "Vista", "Vista\Vista.csproj", "{28CC5BCF-45BA-4B23-A66D-60EDC9564A63}"
EndProject
Global
	GlobalSection(SolutionConfigurationPlatforms) = preSolution
		Debug|Any CPU = Debug|Any CPU
		Release|Any CPU = Release|Any CPU
	EndGlobalSection
	GlobalSection(ProjectConfigurationPlatforms) = postSolution
		{5D8318EF-42EE-45D2-B442-B28B056FC019}.Debug|Any CPU.ActiveCfg = Debug|Any CPU
		{5D8318EF-42EE-45D2-B442-B28B056FC019}.Debug|Any CPU.Build.0 = Debug|Any CPU
		{5D8318EF-42EE-45D2-B442-B28B056FC019}.Release|Any CPU.ActiveCfg = Release|Any CPU
		{5D8318EF-42EE-45D2-B442-B28B056FC019}.Release|Any CPU.Build.0 = Release|Any CPU
		{5990E2FD-B328-48DF-9517-8A5E06CCBF97}.Debug|Any CPU.ActiveCfg = Debug|Any CPU
		{5990E2FD-B328-48DF-9517-8A5E06CCBF97}.Debug|Any CPU.Build.0 = Debug|Any CPU
		{5990E2FD-B328-48DF-9517-8A5E06CCBF97}.Release|Any CPU.ActiveCfg = Release|Any CPU
		{5990E2FD-B328-48DF-9517-8A5E06CCBF97}.Release|Any CPU.Build.0 = Release|Any CPU
		{28CC5BCF-45BA-4B23-A66D-60EDC9564A63}.Debug|Any CPU.ActiveCfg = Debug|Any CPU
		{28CC5BCF-45BA-4B23-A66D-60EDC9564A63}.Debug|Any CPU.Build.0 = Debug|Any CPU
		{28CC5BCF-45BA-4B23-A66D-60EDC9564A63}.Release|Any CPU.ActiveCfg = Release|Any CPU
		{28CC5BCF-45BA-4B23-A66D-60EDC9564A63}.Release|Any CPU.Build.0 = Release|Any CPU
	EndGlobalSection
	GlobalSection(SolutionProperties) = preSolution
		HideSolutionNode = FALSE
	EndGlobalSection
EndGlobal
